
Microsoft Visual Studio Solution File, Format Version 12.00
# Visual Studio Version 17
VisualStudioVersion = 17.7.34009.444
MinimumVisualStudioVersion = 10.0.40219.1
Project("{FAE04EC0-301F-11D3-BF4B-00C04F79EFBC}") = "Assessment2", "Assessment2\Assessment2.csproj", "{7C6D271E-006F-40C8-859D-EF202E160606}"
EndProject
Global
	GlobalSection(SolutionConfigurationPlatforms) = preSolution
		Debug|Any CPU = Debug|Any CPU
		Release|Any CPU = Release|Any CPU
	EndGlobalSection
	GlobalSection(ProjectConfigurationPlatforms) = postSolution
		{7C6D271E-006F-40C8-859D-EF202E160606}.Debug|Any CPU.ActiveCfg = Debug|Any CPU
		{7C6D271E-006F-40C8-859D-EF202E160606}.Debug|Any CPU.Build.0 = Debug|Any CPU
		{7C6D271E-006F-40C8-859D-EF202E160606}.Release|Any CPU.ActiveCfg = Release|Any CPU
		{7C6D271E-006F-40C8-859D-EF202E160606}.Release|Any CPU.Build.0 = Release|Any CPU
	EndGlobalSection
	GlobalSection(SolutionProperties) = preSolution
		HideSolutionNode = FALSE
	EndGlobalSection
	GlobalSection(ExtensibilityGlobals) = postSolution
		SolutionGuid = {CABDA362-218D-492F-8984-AC0D8FD2A092}
	EndGlobalSection
EndGlobal
